// !$*UTF8*$!
{
	archiveVersion = 1;
	classes = {
	};
	objectVersion = 56;
	objects = {

/* Begin PBXBuildFile section */
		7F1D68312A361C74004BF0AC /* AppDelegate.swift in Sources */ = {isa = PBXBuildFile; fileRef = 7F1D68302A361C74004BF0AC /* AppDelegate.swift */; };
		7F1D68332A361C74004BF0AC /* SceneDelegate.swift in Sources */ = {isa = PBXBuildFile; fileRef = 7F1D68322A361C74004BF0AC /* SceneDelegate.swift */; };
		7F1D68352A361C74004BF0AC /* ViewController.swift in Sources */ = {isa = PBXBuildFile; fileRef = 7F1D68342A361C74004BF0AC /* ViewController.swift */; };
		7F1D68382A361C74004BF0AC /* Main.storyboard in Resources */ = {isa = PBXBuildFile; fileRef = 7F1D68362A361C74004BF0AC /* Main.storyboard */; };
		7F1D683A2A361C75004BF0AC /* Assets.xcassets in Resources */ = {isa = PBXBuildFile; fileRef = 7F1D68392A361C75004BF0AC /* Assets.xcassets */; };
		7F1D683D2A361C75004BF0AC /* LaunchScreen.storyboard in Resources */ = {isa = PBXBuildFile; fileRef = 7F1D683B2A361C75004BF0AC /* LaunchScreen.storyboard */; };
		7F1D68482A361C75004BF0AC /* bahethTests.swift in Sources */ = {isa = PBXBuildFile; fileRef = 7F1D68472A361C75004BF0AC /* bahethTests.swift */; };
		7F1D68522A361C76004BF0AC /* bahethUITests.swift in Sources */ = {isa = PBXBuildFile; fileRef = 7F1D68512A361C76004BF0AC /* bahethUITests.swift */; };
		7F1D68542A361C76004BF0AC /* bahethUITestsLaunchTests.swift in Sources */ = {isa = PBXBuildFile; fileRef = 7F1D68532A361C76004BF0AC /* bahethUITestsLaunchTests.swift */; };
		7F1D68622A361D56004BF0AC /* Turbo in Frameworks */ = {isa = PBXBuildFile; productRef = 7F1D68612A361D56004BF0AC /* Turbo */; };
/* End PBXBuildFile section */

/* Begin PBXContainerItemProxy section */
		7F1D68442A361C75004BF0AC /* PBXContainerItemProxy */ = {
			isa = PBXContainerItemProxy;
			containerPortal = 7F1D68252A361C74004BF0AC /* Project object */;
			proxyType = 1;
			remoteGlobalIDString = 7F1D682C2A361C74004BF0AC;
			remoteInfo = baheth;
		};
		7F1D684E2A361C76004BF0AC /* PBXContainerItemProxy */ = {
			isa = PBXContainerItemProxy;
			containerPortal = 7F1D68252A361C74004BF0AC /* Project object */;
			proxyType = 1;
			remoteGlobalIDString = 7F1D682C2A361C74004BF0AC;
			remoteInfo = baheth;
		};
/* End PBXContainerItemProxy section */

/* Begin PBXFileReference section */
		7F1D682D2A361C74004BF0AC /* baheth.app */ = {isa = PBXFileReference; explicitFileType = wrapper.application; includeInIndex = 0; path = baheth.app; sourceTree = BUILT_PRODUCTS_DIR; };
		7F1D68302A361C74004BF0AC /* AppDelegate.swift */ = {isa = PBXFileReference; lastKnownFileType = sourcecode.swift; path = AppDelegate.swift; sourceTree = "<group>"; };
		7F1D68322A361C74004BF0AC /* SceneDelegate.swift */ = {isa = PBXFileReference; lastKnownFileType = sourcecode.swift; path = SceneDelegate.swift; sourceTree = "<group>"; };
		7F1D68342A361C74004BF0AC /* ViewController.swift */ = {isa = PBXFileReference; lastKnownFileType = sourcecode.swift; path = ViewController.swift; sourceTree = "<group>"; };
		7F1D68372A361C74004BF0AC /* Base */ = {isa = PBXFileReference; lastKnownFileType = file.storyboard; name = Base; path = Base.lproj/Main.storyboard; sourceTree = "<group>"; };
		7F1D68392A361C75004BF0AC /* Assets.xcassets */ = {isa = PBXFileReference; lastKnownFileType = folder.assetcatalog; path = Assets.xcassets; sourceTree = "<group>"; };
		7F1D683C2A361C75004BF0AC /* Base */ = {isa = PBXFileReference; lastKnownFileType = file.storyboard; name = Base; path = Base.lproj/LaunchScreen.storyboard; sourceTree = "<group>"; };
		7F1D683E2A361C75004BF0AC /* Info.plist */ = {isa = PBXFileReference; lastKnownFileType = text.plist.xml; path = Info.plist; sourceTree = "<group>"; };
		7F1D68432A361C75004BF0AC /* bahethTests.xctest */ = {isa = PBXFileReference; explicitFileType = wrapper.cfbundle; includeInIndex = 0; path = bahethTests.xctest; sourceTree = BUILT_PRODUCTS_DIR; };
		7F1D68472A361C75004BF0AC /* bahethTests.swift */ = {isa = PBXFileReference; lastKnownFileType = sourcecode.swift; path = bahethTests.swift; sourceTree = "<group>"; };
		7F1D684D2A361C76004BF0AC /* bahethUITests.xctest */ = {isa = PBXFileReference; explicitFileType = wrapper.cfbundle; includeInIndex = 0; path = bahethUITests.xctest; sourceTree = BUILT_PRODUCTS_DIR; };
		7F1D68512A361C76004BF0AC /* bahethUITests.swift */ = {isa = PBXFileReference; lastKnownFileType = sourcecode.swift; path = bahethUITests.swift; sourceTree = "<group>"; };
		7F1D68532A361C76004BF0AC /* bahethUITestsLaunchTests.swift */ = {isa = PBXFileReference; lastKnownFileType = sourcecode.swift; path = bahethUITestsLaunchTests.swift; sourceTree = "<group>"; };
/* End PBXFileReference section */

/* Begin PBXFrameworksBuildPhase section */
		7F1D682A2A361C74004BF0AC /* Frameworks */ = {
			isa = PBXFrameworksBuildPhase;
			buildActionMask = 2147483647;
			files = (
				7F1D68622A361D56004BF0AC /* Turbo in Frameworks */,
			);
			runOnlyForDeploymentPostprocessing = 0;
		};
		7F1D68402A361C75004BF0AC /* Frameworks */ = {
			isa = PBXFrameworksBuildPhase;
			buildActionMask = 2147483647;
			files = (
			);
			runOnlyForDeploymentPostprocessing = 0;
		};
		7F1D684A2A361C76004BF0AC /* Frameworks */ = {
			isa = PBXFrameworksBuildPhase;
			buildActionMask = 2147483647;
			files = (
			);
			runOnlyForDeploymentPostprocessing = 0;
		};
/* End PBXFrameworksBuildPhase section */

/* Begin PBXGroup section */
		7F1D68242A361C74004BF0AC = {
			isa = PBXGroup;
			children = (
				7F1D682F2A361C74004BF0AC /* baheth */,
				7F1D68462A361C75004BF0AC /* bahethTests */,
				7F1D68502A361C76004BF0AC /* bahethUITests */,
				7F1D682E2A361C74004BF0AC /* Products */,
			);
			sourceTree = "<group>";
		};
		7F1D682E2A361C74004BF0AC /* Products */ = {
			isa = PBXGroup;
			children = (
				7F1D682D2A361C74004BF0AC /* baheth.app */,
				7F1D68432A361C75004BF0AC /* bahethTests.xctest */,
				7F1D684D2A361C76004BF0AC /* bahethUITests.xctest */,
			);
			name = Products;
			sourceTree = "<group>";
		};
		7F1D682F2A361C74004BF0AC /* baheth */ = {
			isa = PBXGroup;
			children = (
				7F1D68302A361C74004BF0AC /* AppDelegate.swift */,
				7F1D68322A361C74004BF0AC /* SceneDelegate.swift */,
				7F1D68342A361C74004BF0AC /* ViewController.swift */,
				7F1D68362A361C74004BF0AC /* Main.storyboard */,
				7F1D68392A361C75004BF0AC /* Assets.xcassets */,
				7F1D683B2A361C75004BF0AC /* LaunchScreen.storyboard */,
				7F1D683E2A361C75004BF0AC /* Info.plist */,
			);
			path = baheth;
			sourceTree = "<group>";
		};
		7F1D68462A361C75004BF0AC /* bahethTests */ = {
			isa = PBXGroup;
			children = (
				7F1D68472A361C75004BF0AC /* bahethTests.swift */,
			);
			path = bahethTests;
			sourceTree = "<group>";
		};
		7F1D68502A361C76004BF0AC /* bahethUITests */ = {
			isa = PBXGroup;
			children = (
				7F1D68512A361C76004BF0AC /* bahethUITests.swift */,
				7F1D68532A361C76004BF0AC /* bahethUITestsLaunchTests.swift */,
			);
			path = bahethUITests;
			sourceTree = "<group>";
		};
/* End PBXGroup section */

/* Begin PBXNativeTarget section */
		7F1D682C2A361C74004BF0AC /* baheth */ = {
			isa = PBXNativeTarget;
			buildConfigurationList = 7F1D68572A361C76004BF0AC /* Build configuration list for PBXNativeTarget "baheth" */;
			buildPhases = (
				7F1D68292A361C74004BF0AC /* Sources */,
				7F1D682A2A361C74004BF0AC /* Frameworks */,
				7F1D682B2A361C74004BF0AC /* Resources */,
			);
			buildRules = (
			);
			dependencies = (
			);
			name = baheth;
			packageProductDependencies = (
				7F1D68612A361D56004BF0AC /* Turbo */,
			);
			productName = baheth;
			productReference = 7F1D682D2A361C74004BF0AC /* baheth.app */;
			productType = "com.apple.product-type.application";
		};
		7F1D68422A361C75004BF0AC /* bahethTests */ = {
			isa = PBXNativeTarget;
			buildConfigurationList = 7F1D685A2A361C76004BF0AC /* Build configuration list for PBXNativeTarget "bahethTests" */;
			buildPhases = (
				7F1D683F2A361C75004BF0AC /* Sources */,
				7F1D68402A361C75004BF0AC /* Frameworks */,
				7F1D68412A361C75004BF0AC /* Resources */,
			);
			buildRules = (
			);
			dependencies = (
				7F1D68452A361C75004BF0AC /* PBXTargetDependency */,
			);
			name = bahethTests;
			productName = bahethTests;
			productReference = 7F1D68432A361C75004BF0AC /* bahethTests.xctest */;
			productType = "com.apple.product-type.bundle.unit-test";
		};
		7F1D684C2A361C76004BF0AC /* bahethUITests */ = {
			isa = PBXNativeTarget;
			buildConfigurationList = 7F1D685D2A361C76004BF0AC /* Build configuration list for PBXNativeTarget "bahethUITests" */;
			buildPhases = (
				7F1D68492A361C76004BF0AC /* Sources */,
				7F1D684A2A361C76004BF0AC /* Frameworks */,
				7F1D684B2A361C76004BF0AC /* Resources */,
			);
			buildRules = (
			);
			dependencies = (
				7F1D684F2A361C76004BF0AC /* PBXTargetDependency */,
			);
			name = bahethUITests;
			productName = bahethUITests;
			productReference = 7F1D684D2A361C76004BF0AC /* bahethUITests.xctest */;
			productType = "com.apple.product-type.bundle.ui-testing";
		};
/* End PBXNativeTarget section */

/* Begin PBXProject section */
		7F1D68252A361C74004BF0AC /* Project object */ = {
			isa = PBXProject;
			attributes = {
				BuildIndependentTargetsInParallel = 1;
				LastSwiftUpdateCheck = 1430;
				LastUpgradeCheck = 1430;
				TargetAttributes = {
					7F1D682C2A361C74004BF0AC = {
						CreatedOnToolsVersion = 14.3;
					};
					7F1D68422A361C75004BF0AC = {
						CreatedOnToolsVersion = 14.3;
						TestTargetID = 7F1D682C2A361C74004BF0AC;
					};
					7F1D684C2A361C76004BF0AC = {
						CreatedOnToolsVersion = 14.3;
						TestTargetID = 7F1D682C2A361C74004BF0AC;
					};
				};
			};
			buildConfigurationList = 7F1D68282A361C74004BF0AC /* Build configuration list for PBXProject "baheth" */;
			compatibilityVersion = "Xcode 14.0";
			developmentRegion = en;
			hasScannedForEncodings = 0;
			knownRegions = (
				en,
				Base,
			);
			mainGroup = 7F1D68242A361C74004BF0AC;
			packageReferences = (
				7F1D68602A361D56004BF0AC /* XCRemoteSwiftPackageReference "turbo-ios" */,
			);
			productRefGroup = 7F1D682E2A361C74004BF0AC /* Products */;
			projectDirPath = "";
			projectRoot = "";
			targets = (
				7F1D682C2A361C74004BF0AC /* baheth */,
				7F1D68422A361C75004BF0AC /* bahethTests */,
				7F1D684C2A361C76004BF0AC /* bahethUITests */,
			);
		};
/* End PBXProject section */

/* Begin PBXResourcesBuildPhase section */
		7F1D682B2A361C74004BF0AC /* Resources */ = {
			isa = PBXResourcesBuildPhase;
			buildActionMask = 2147483647;
			files = (
				7F1D683D2A361C75004BF0AC /* LaunchScreen.storyboard in Resources */,
				7F1D683A2A361C75004BF0AC /* Assets.xcassets in Resources */,
				7F1D68382A361C74004BF0AC /* Main.storyboard in Resources */,
			);
			runOnlyForDeploymentPostprocessing = 0;
		};
		7F1D68412A361C75004BF0AC /* Resources */ = {
			isa = PBXResourcesBuildPhase;
			buildActionMask = 2147483647;
			files = (
			);
			runOnlyForDeploymentPostprocessing = 0;
		};
		7F1D684B2A361C76004BF0AC /* Resources */ = {
			isa = PBXResourcesBuildPhase;
			buildActionMask = 2147483647;
			files = (
			);
			runOnlyForDeploymentPostprocessing = 0;
		};
/* End PBXResourcesBuildPhase section */

/* Begin PBXSourcesBuildPhase section */
		7F1D68292A361C74004BF0AC /* Sources */ = {
			isa = PBXSourcesBuildPhase;
			buildActionMask = 2147483647;
			files = (
				7F1D68352A361C74004BF0AC /* ViewController.swift in Sources */,
				7F1D68312A361C74004BF0AC /* AppDelegate.swift in Sources */,
				7F1D68332A361C74004BF0AC /* SceneDelegate.swift in Sources */,
			);
			runOnlyForDeploymentPostprocessing = 0;
		};
		7F1D683F2A361C75004BF0AC /* Sources */ = {
			isa = PBXSourcesBuildPhase;
			buildActionMask = 2147483647;
			files = (
				7F1D68482A361C75004BF0AC /* bahethTests.swift in Sources */,
			);
			runOnlyForDeploymentPostprocessing = 0;
		};
		7F1D68492A361C76004BF0AC /* Sources */ = {
			isa = PBXSourcesBuildPhase;
			buildActionMask = 2147483647;
			files = (
				7F1D68542A361C76004BF0AC /* bahethUITestsLaunchTests.swift in Sources */,
				7F1D68522A361C76004BF0AC /* bahethUITests.swift in Sources */,
			);
			runOnlyForDeploymentPostprocessing = 0;
		};
/* End PBXSourcesBuildPhase section */

/* Begin PBXTargetDependency section */
		7F1D68452A361C75004BF0AC /* PBXTargetDependency */ = {
			isa = PBXTargetDependency;
			target = 7F1D682C2A361C74004BF0AC /* baheth */;
			targetProxy = 7F1D68442A361C75004BF0AC /* PBXContainerItemProxy */;
		};
		7F1D684F2A361C76004BF0AC /* PBXTargetDependency */ = {
			isa = PBXTargetDependency;
			target = 7F1D682C2A361C74004BF0AC /* baheth */;
			targetProxy = 7F1D684E2A361C76004BF0AC /* PBXContainerItemProxy */;
		};
/* End PBXTargetDependency section */

/* Begin PBXVariantGroup section */
		7F1D68362A361C74004BF0AC /* Main.storyboard */ = {
			isa = PBXVariantGroup;
			children = (
				7F1D68372A361C74004BF0AC /* Base */,
			);
			name = Main.storyboard;
			sourceTree = "<group>";
		};
		7F1D683B2A361C75004BF0AC /* LaunchScreen.storyboard */ = {
			isa = PBXVariantGroup;
			children = (
				7F1D683C2A361C75004BF0AC /* Base */,
			);
			name = LaunchScreen.storyboard;
			sourceTree = "<group>";
		};
/* End PBXVariantGroup section */

/* Begin XCBuildConfiguration section */
		7F1D68552A361C76004BF0AC /* Debug */ = {
			isa = XCBuildConfiguration;
			buildSettings = {
				ALWAYS_SEARCH_USER_PATHS = NO;
				CLANG_ANALYZER_NONNULL = YES;
				CLANG_ANALYZER_NUMBER_OBJECT_CONVERSION = YES_AGGRESSIVE;
				CLANG_CXX_LANGUAGE_STANDARD = "gnu++20";
				CLANG_ENABLE_MODULES = YES;
				CLANG_ENABLE_OBJC_ARC = YES;
				CLANG_ENABLE_OBJC_WEAK = YES;
				CLANG_WARN_BLOCK_CAPTURE_AUTORELEASING = YES;
				CLANG_WARN_BOOL_CONVERSION = YES;
				CLANG_WARN_COMMA = YES;
				CLANG_WARN_CONSTANT_CONVERSION = YES;
				CLANG_WARN_DEPRECATED_OBJC_IMPLEMENTATIONS = YES;
				CLANG_WARN_DIRECT_OBJC_ISA_USAGE = YES_ERROR;
				CLANG_WARN_DOCUMENTATION_COMMENTS = YES;
				CLANG_WARN_EMPTY_BODY = YES;
				CLANG_WARN_ENUM_CONVERSION = YES;
				CLANG_WARN_INFINITE_RECURSION = YES;
				CLANG_WARN_INT_CONVERSION = YES;
				CLANG_WARN_NON_LITERAL_NULL_CONVERSION = YES;
				CLANG_WARN_OBJC_IMPLICIT_RETAIN_SELF = YES;
				CLANG_WARN_OBJC_LITERAL_CONVERSION = YES;
				CLANG_WARN_OBJC_ROOT_CLASS = YES_ERROR;
				CLANG_WARN_QUOTED_INCLUDE_IN_FRAMEWORK_HEADER = YES;
				CLANG_WARN_RANGE_LOOP_ANALYSIS = YES;
				CLANG_WARN_STRICT_PROTOTYPES = YES;
				CLANG_WARN_SUSPICIOUS_MOVE = YES;
				CLANG_WARN_UNGUARDED_AVAILABILITY = YES_AGGRESSIVE;
				CLANG_WARN_UNREACHABLE_CODE = YES;
				CLANG_WARN__DUPLICATE_METHOD_MATCH = YES;
				COPY_PHASE_STRIP = NO;
				DEBUG_INFORMATION_FORMAT = dwarf;
				ENABLE_STRICT_OBJC_MSGSEND = YES;
				ENABLE_TESTABILITY = YES;
				GCC_C_LANGUAGE_STANDARD = gnu11;
				GCC_DYNAMIC_NO_PIC = NO;
				GCC_NO_COMMON_BLOCKS = YES;
				GCC_OPTIMIZATION_LEVEL = 0;
				GCC_PREPROCESSOR_DEFINITIONS = (
					"DEBUG=1",
					"$(inherited)",
				);
				GCC_WARN_64_TO_32_BIT_CONVERSION = YES;
				GCC_WARN_ABOUT_RETURN_TYPE = YES_ERROR;
				GCC_WARN_UNDECLARED_SELECTOR = YES;
				GCC_WARN_UNINITIALIZED_AUTOS = YES_AGGRESSIVE;
				GCC_WARN_UNUSED_FUNCTION = YES;
				GCC_WARN_UNUSED_VARIABLE = YES;
				IPHONEOS_DEPLOYMENT_TARGET = 16.4;
				MTL_ENABLE_DEBUG_INFO = INCLUDE_SOURCE;
				MTL_FAST_MATH = YES;
				ONLY_ACTIVE_ARCH = YES;
				SDKROOT = iphoneos;
				SWIFT_ACTIVE_COMPILATION_CONDITIONS = DEBUG;
				SWIFT_OPTIMIZATION_LEVEL = "-Onone";
			};
			name = Debug;
		};
		7F1D68562A361C76004BF0AC /* Release */ = {
			isa = XCBuildConfiguration;
			buildSettings = {
				ALWAYS_SEARCH_USER_PATHS = NO;
				CLANG_ANALYZER_NONNULL = YES;
				CLANG_ANALYZER_NUMBER_OBJECT_CONVERSION = YES_AGGRESSIVE;
				CLANG_CXX_LANGUAGE_STANDARD = "gnu++20";
				CLANG_ENABLE_MODULES = YES;
				CLANG_ENABLE_OBJC_ARC = YES;
				CLANG_ENABLE_OBJC_WEAK = YES;
				CLANG_WARN_BLOCK_CAPTURE_AUTORELEASING = YES;
				CLANG_WARN_BOOL_CONVERSION = YES;
				CLANG_WARN_COMMA = YES;
				CLANG_WARN_CONSTANT_CONVERSION = YES;
				CLANG_WARN_DEPRECATED_OBJC_IMPLEMENTATIONS = YES;
				CLANG_WARN_DIRECT_OBJC_ISA_USAGE = YES_ERROR;
				CLANG_WARN_DOCUMENTATION_COMMENTS = YES;
				CLANG_WARN_EMPTY_BODY = YES;
				CLANG_WARN_ENUM_CONVERSION = YES;
				CLANG_WARN_INFINITE_RECURSION = YES;
				CLANG_WARN_INT_CONVERSION = YES;
				CLANG_WARN_NON_LITERAL_NULL_CONVERSION = YES;
				CLANG_WARN_OBJC_IMPLICIT_RETAIN_SELF = YES;
				CLANG_WARN_OBJC_LITERAL_CONVERSION = YES;
				CLANG_WARN_OBJC_ROOT_CLASS = YES_ERROR;
				CLANG_WARN_QUOTED_INCLUDE_IN_FRAMEWORK_HEADER = YES;
				CLANG_WARN_RANGE_LOOP_ANALYSIS = YES;
				CLANG_WARN_STRICT_PROTOTYPES = YES;
				CLANG_WARN_SUSPICIOUS_MOVE = YES;
				CLANG_WARN_UNGUARDED_AVAILABILITY = YES_AGGRESSIVE;
				CLANG_WARN_UNREACHABLE_CODE = YES;
				CLANG_WARN__DUPLICATE_METHOD_MATCH = YES;
				COPY_PHASE_STRIP = NO;
				DEBUG_INFORMATION_FORMAT = "dwarf-with-dsym";
				ENABLE_NS_ASSERTIONS = NO;
				ENABLE_STRICT_OBJC_MSGSEND = YES;
				GCC_C_LANGUAGE_STANDARD = gnu11;
				GCC_NO_COMMON_BLOCKS = YES;
				GCC_WARN_64_TO_32_BIT_CONVERSION = YES;
				GCC_WARN_ABOUT_RETURN_TYPE = YES_ERROR;
				GCC_WARN_UNDECLARED_SELECTOR = YES;
				GCC_WARN_UNINITIALIZED_AUTOS = YES_AGGRESSIVE;
				GCC_WARN_UNUSED_FUNCTION = YES;
				GCC_WARN_UNUSED_VARIABLE = YES;
				IPHONEOS_DEPLOYMENT_TARGET = 16.4;
				MTL_ENABLE_DEBUG_INFO = NO;
				MTL_FAST_MATH = YES;
				SDKROOT = iphoneos;
				SWIFT_COMPILATION_MODE = wholemodule;
				SWIFT_OPTIMIZATION_LEVEL = "-O";
				VALIDATE_PRODUCT = YES;
			};
			name = Release;
		};
		7F1D68582A361C76004BF0AC /* Debug */ = {
			isa = XCBuildConfiguration;
			buildSettings = {
				ASSETCATALOG_COMPILER_APPICON_NAME = AppIcon;
				ASSETCATALOG_COMPILER_GLOBAL_ACCENT_COLOR_NAME = AccentColor;
				CODE_SIGN_STYLE = Automatic;
				CURRENT_PROJECT_VERSION = 1;
				GENERATE_INFOPLIST_FILE = YES;
				INFOPLIST_FILE = baheth/Info.plist;
				INFOPLIST_KEY_UIApplicationSupportsIndirectInputEvents = YES;
				INFOPLIST_KEY_UILaunchStoryboardName = LaunchScreen;
				INFOPLIST_KEY_UIMainStoryboardFile = Main;
				INFOPLIST_KEY_UISupportedInterfaceOrientations_iPad = "UIInterfaceOrientationPortrait UIInterfaceOrientationPortraitUpsideDown UIInterfaceOrientationLandscapeLeft UIInterfaceOrientationLandscapeRight";
				INFOPLIST_KEY_UISupportedInterfaceOrientations_iPhone = "UIInterfaceOrientationPortrait UIInterfaceOrientationLandscapeLeft UIInterfaceOrientationLandscapeRight";
				LD_RUNPATH_SEARCH_PATHS = (
					"$(inherited)",
					"@executable_path/Frameworks",
				);
				MARKETING_VERSION = 1.0;
				PRODUCT_BUNDLE_IDENTIFIER = com.ieasybooks.baheth;
				PRODUCT_NAME = "$(TARGET_NAME)";
				SWIFT_EMIT_LOC_STRINGS = YES;
				SWIFT_VERSION = 5.0;
				TARGETED_DEVICE_FAMILY = "1,2";
			};
			name = Debug;
		};
		7F1D68592A361C76004BF0AC /* Release */ = {
			isa = XCBuildConfiguration;
			buildSettings = {
				ASSETCATALOG_COMPILER_APPICON_NAME = AppIcon;
				ASSETCATALOG_COMPILER_GLOBAL_ACCENT_COLOR_NAME = AccentColor;
				CODE_SIGN_STYLE = Automatic;
				CURRENT_PROJECT_VERSION = 1;
				GENERATE_INFOPLIST_FILE = YES;
				INFOPLIST_FILE = baheth/Info.plist;
				INFOPLIST_KEY_UIApplicationSupportsIndirectInputEvents = YES;
				INFOPLIST_KEY_UILaunchStoryboardName = LaunchScreen;
				INFOPLIST_KEY_UIMainStoryboardFile = Main;
				INFOPLIST_KEY_UISupportedInterfaceOrientations_iPad = "UIInterfaceOrientationPortrait UIInterfaceOrientationPortraitUpsideDown UIInterfaceOrientationLandscapeLeft UIInterfaceOrientationLandscapeRight";
				INFOPLIST_KEY_UISupportedInterfaceOrientations_iPhone = "UIInterfaceOrientationPortrait UIInterfaceOrientationLandscapeLeft UIInterfaceOrientationLandscapeRight";
				LD_RUNPATH_SEARCH_PATHS = (
					"$(inherited)",
					"@executable_path/Frameworks",
				);
				MARKETING_VERSION = 1.0;
				PRODUCT_BUNDLE_IDENTIFIER = com.ieasybooks.baheth;
				PRODUCT_NAME = "$(TARGET_NAME)";
				SWIFT_EMIT_LOC_STRINGS = YES;
				SWIFT_VERSION = 5.0;
				TARGETED_DEVICE_FAMILY = "1,2";
			};
			name = Release;
		};
		7F1D685B2A361C76004BF0AC /* Debug */ = {
			isa = XCBuildConfiguration;
			buildSettings = {
				ALWAYS_EMBED_SWIFT_STANDARD_LIBRARIES = YES;
				BUNDLE_LOADER = "$(TEST_HOST)";
				CODE_SIGN_STYLE = Automatic;
				CURRENT_PROJECT_VERSION = 1;
				GENERATE_INFOPLIST_FILE = YES;
				IPHONEOS_DEPLOYMENT_TARGET = 16.4;
				MARKETING_VERSION = 1.0;
				PRODUCT_BUNDLE_IDENTIFIER = com.ieasybooks.bahethTests;
				PRODUCT_NAME = "$(TARGET_NAME)";
				SWIFT_EMIT_LOC_STRINGS = NO;
				SWIFT_VERSION = 5.0;
				TARGETED_DEVICE_FAMILY = "1,2";
				TEST_HOST = "$(BUILT_PRODUCTS_DIR)/baheth.app/$(BUNDLE_EXECUTABLE_FOLDER_PATH)/baheth";
			};
			name = Debug;
		};
		7F1D685C2A361C76004BF0AC /* Release */ = {
			isa = XCBuildConfiguration;
			buildSettings = {
				ALWAYS_EMBED_SWIFT_STANDARD_LIBRARIES = YES;
				BUNDLE_LOADER = "$(TEST_HOST)";
				CODE_SIGN_STYLE = Automatic;
				CURRENT_PROJECT_VERSION = 1;
				GENERATE_INFOPLIST_FILE = YES;
				IPHONEOS_DEPLOYMENT_TARGET = 16.4;
				MARKETING_VERSION = 1.0;
				PRODUCT_BUNDLE_IDENTIFIER = com.ieasybooks.bahethTests;
				PRODUCT_NAME = "$(TARGET_NAME)";
				SWIFT_EMIT_LOC_STRINGS = NO;
				SWIFT_VERSION = 5.0;
				TARGETED_DEVICE_FAMILY = "1,2";
				TEST_HOST = "$(BUILT_PRODUCTS_DIR)/baheth.app/$(BUNDLE_EXECUTABLE_FOLDER_PATH)/baheth";
			};
			name = Release;
		};
		7F1D685E2A361C76004BF0AC /* Debug */ = {
			isa = XCBuildConfiguration;
			buildSettings = {
				ALWAYS_EMBED_SWIFT_STANDARD_LIBRARIES = YES;
				CODE_SIGN_STYLE = Automatic;
				CURRENT_PROJECT_VERSION = 1;
				GENERATE_INFOPLIST_FILE = YES;
				MARKETING_VERSION = 1.0;
				PRODUCT_BUNDLE_IDENTIFIER = com.ieasybooks.bahethUITests;
				PRODUCT_NAME = "$(TARGET_NAME)";
				SWIFT_EMIT_LOC_STRINGS = NO;
				SWIFT_VERSION = 5.0;
				TARGETED_DEVICE_FAMILY = "1,2";
				TEST_TARGET_NAME = baheth;
			};
			name = Debug;
		};
		7F1D685F2A361C76004BF0AC /* Release */ = {
			isa = XCBuildConfiguration;
			buildSettings = {
				ALWAYS_EMBED_SWIFT_STANDARD_LIBRARIES = YES;
				CODE_SIGN_STYLE = Automatic;
				CURRENT_PROJECT_VERSION = 1;
				GENERATE_INFOPLIST_FILE = YES;
				MARKETING_VERSION = 1.0;
				PRODUCT_BUNDLE_IDENTIFIER = com.ieasybooks.bahethUITests;
				PRODUCT_NAME = "$(TARGET_NAME)";
				SWIFT_EMIT_LOC_STRINGS = NO;
				SWIFT_VERSION = 5.0;
				TARGETED_DEVICE_FAMILY = "1,2";
				TEST_TARGET_NAME = baheth;
			};
			name = Release;
		};
/* End XCBuildConfiguration section */

/* Begin XCConfigurationList section */
		7F1D68282A361C74004BF0AC /* Build configuration list for PBXProject "baheth" */ = {
			isa = XCConfigurationList;
			buildConfigurations = (
				7F1D68552A361C76004BF0AC /* Debug */,
				7F1D68562A361C76004BF0AC /* Release */,
			);
			defaultConfigurationIsVisible = 0;
			defaultConfigurationName = Release;
		};
		7F1D68572A361C76004BF0AC /* Build configuration list for PBXNativeTarget "baheth" */ = {
			isa = XCConfigurationList;
			buildConfigurations = (
				7F1D68582A361C76004BF0AC /* Debug */,
				7F1D68592A361C76004BF0AC /* Release */,
			);
			defaultConfigurationIsVisible = 0;
			defaultConfigurationName = Release;
		};
		7F1D685A2A361C76004BF0AC /* Build configuration list for PBXNativeTarget "bahethTests" */ = {
			isa = XCConfigurationList;
			buildConfigurations = (
				7F1D685B2A361C76004BF0AC /* Debug */,
				7F1D685C2A361C76004BF0AC /* Release */,
			);
			defaultConfigurationIsVisible = 0;
			defaultConfigurationName = Release;
		};
		7F1D685D2A361C76004BF0AC /* Build configuration list for PBXNativeTarget "bahethUITests" */ = {
			isa = XCConfigurationList;
			buildConfigurations = (
				7F1D685E2A361C76004BF0AC /* Debug */,
				7F1D685F2A361C76004BF0AC /* Release */,
			);
			defaultConfigurationIsVisible = 0;
			defaultConfigurationName = Release;
		};
/* End XCConfigurationList section */

/* Begin XCRemoteSwiftPackageReference section */
		7F1D68602A361D56004BF0AC /* XCRemoteSwiftPackageReference "turbo-ios" */ = {
			isa = XCRemoteSwiftPackageReference;
			repositoryURL = "https://github.com/hotwired/turbo-ios";
			requirement = {
				branch = main;
				kind = branch;
			};
		};
/* End XCRemoteSwiftPackageReference section */

/* Begin XCSwiftPackageProductDependency section */
		7F1D68612A361D56004BF0AC /* Turbo */ = {
			isa = XCSwiftPackageProductDependency;
			package = 7F1D68602A361D56004BF0AC /* XCRemoteSwiftPackageReference "turbo-ios" */;
			productName = Turbo;
		};
/* End XCSwiftPackageProductDependency section */
	};
	rootObject = 7F1D68252A361C74004BF0AC /* Project object */;
}
